{
  "name": "electron-active-window",
  "version": "0.0.5",
  "lockfileVersion": 2,
  "requires": true,
  "packages": {
    "": {
      "version": "0.0.5",
      "hasInstallScript": true,
      "license": "MIT",
      "dependencies": {
        "fs": "^0.0.1-security",
        "node-addon-api": "^1.7.1"
      }
    },
    "node_modules/fs": {
      "version": "0.0.1-security",
      "resolved": "https://registry.npmjs.org/fs/-/fs-0.0.1-security.tgz",
      "integrity": "sha1-invTcYa23d84E/I4WLV+yq9eQdQ="
    },
    "node_modules/node-addon-api": {
      "version": "1.7.1",
      "resolved": "https://registry.npmjs.org/node-addon-api/-/node-addon-api-1.7.1.tgz",
      "integrity": "sha512-2+DuKodWvwRTrCfKOeR24KIc5unKjOh8mz17NCzVnHWfjAdDqbfbjqh7gUT+BkXBRQM52+xCHciKWonJ3CbJMQ=="
    }
  },
  "dependencies": {
    "fs": {
      "version": "0.0.1-security",
      "resolved": "https://registry.npmjs.org/fs/-/fs-0.0.1-security.tgz",
      "integrity": "sha1-invTcYa23d84E/I4WLV+yq9eQdQ="
    },
    "node-addon-api": {
      "version": "1.7.1",
      "resolved": "https://registry.npmjs.org/node-addon-api/-/node-addon-api-1.7.1.tgz",
      "integrity": "sha512-2+DuKodWvwRTrCfKOeR24KIc5unKjOh8mz17NCzVnHWfjAdDqbfbjqh7gUT+BkXBRQM52+xCHciKWonJ3CbJMQ=="
    }
  }
}
