# THIS IS AN AUTOGENERATED FILE. DO NOT EDIT THIS FILE DIRECTLY.
# yarn lockfile v1


"fs@^0.0.1-security":
  "integrity" "sha1-invTcYa23d84E/I4WLV+yq9eQdQ="
  "resolved" "https://registry.npmjs.org/fs/-/fs-0.0.1-security.tgz"
  "version" "0.0.1-security"

"node-addon-api@^1.7.1":
  "integrity" "sha512-2+DuKodWvwRTrCfKOeR24KIc5unKjOh8mz17NCzVnHWfjAdDqbfbjqh7gUT+BkXBRQM52+xCHciKWonJ3CbJMQ=="
  "resolved" "https://registry.npmjs.org/node-addon-api/-/node-addon-api-1.7.1.tgz"
  "version" "1.7.1"
